
Microsoft Visual Studio Solution File, Format Version 12.00
# Visual Studio Version 17
VisualStudioVersion = 17.9.34622.214
MinimumVisualStudioVersion = 10.0.40219.1
Project("{8BC9CEB8-8B4A-11D0-8D11-00A0C91BC942}") = "AtividadePresencial3", "AtividadePresencial3\AtividadePresencial3.vcxproj", "{1C04C152-9FCB-44EB-9D31-EE8256A154CF}"
EndProject
Global
	GlobalSection(SolutionConfigurationPlatforms) = preSolution
		Debug|x64 = Debug|x64
		Debug|x86 = Debug|x86
		Release|x64 = Release|x64
		Release|x86 = Release|x86
	EndGlobalSection
	GlobalSection(ProjectConfigurationPlatforms) = postSolution
		{1C04C152-9FCB-44EB-9D31-EE8256A154CF}.Debug|x64.ActiveCfg = Debug|x64
		{1C04C152-9FCB-44EB-9D31-EE8256A154CF}.Debug|x64.Build.0 = Debug|x64
		{1C04C152-9FCB-44EB-9D31-EE8256A154CF}.Debug|x86.ActiveCfg = Debug|Win32
		{1C04C152-9FCB-44EB-9D31-EE8256A154CF}.Debug|x86.Build.0 = Debug|Win32
		{1C04C152-9FCB-44EB-9D31-EE8256A154CF}.Release|x64.ActiveCfg = Release|x64
		{1C04C152-9FCB-44EB-9D31-EE8256A154CF}.Release|x64.Build.0 = Release|x64
		{1C04C152-9FCB-44EB-9D31-EE8256A154CF}.Release|x86.ActiveCfg = Release|Win32
		{1C04C152-9FCB-44EB-9D31-EE8256A154CF}.Release|x86.Build.0 = Release|Win32
	EndGlobalSection
	GlobalSection(SolutionProperties) = preSolution
		HideSolutionNode = FALSE
	EndGlobalSection
	GlobalSection(ExtensibilityGlobals) = postSolution
		SolutionGuid = {22036A9B-744B-4A4B-94BC-941DEE6924E8}
	EndGlobalSection
EndGlobal
